
Microsoft Visual Studio Solution File, Format Version 12.00
# Visual Studio Version 17
VisualStudioVersion = 17.2.32630.192
MinimumVisualStudioVersion = 10.0.40219.1
Project("{FAE04EC0-301F-11D3-BF4B-00C04F79EFBC}") = "main", "main.csproj", "{ED99C524-C782-464D-AE88-9FEC834F3D94}"
EndProject
Global
	GlobalSection(SolutionConfigurationPlatforms) = preSolution
		Debug|Any CPU = Debug|Any CPU
		Release|Any CPU = Release|Any CPU
	EndGlobalSection
	GlobalSection(ProjectConfigurationPlatforms) = postSolution
		{ED99C524-C782-464D-AE88-9FEC834F3D94}.Debug|Any CPU.ActiveCfg = Debug|Any CPU
		{ED99C524-C782-464D-AE88-9FEC834F3D94}.Debug|Any CPU.Build.0 = Debug|Any CPU
		{ED99C524-C782-464D-AE88-9FEC834F3D94}.Release|Any CPU.ActiveCfg = Release|Any CPU
		{ED99C524-C782-464D-AE88-9FEC834F3D94}.Release|Any CPU.Build.0 = Release|Any CPU
	EndGlobalSection
	GlobalSection(SolutionProperties) = preSolution
		HideSolutionNode = FALSE
	EndGlobalSection
	GlobalSection(ExtensibilityGlobals) = postSolution
		SolutionGuid = {D24E0D3D-91AA-4AEB-9AFF-5CFE27180B49}
	EndGlobalSection
EndGlobal
